# This file is automatically @generated by Cargo.
# It is not intended for manual editing.
version = 4

[[package]]
name = "no_std_reproduction"
version = "0.1.0"
dependencies = [
 "rectangle_decomposition",
 "rectangle_decomposition_nostd_before",
]

[[package]]
name = "rectangle_decomposition"
version = "0.1.0"

[[package]]
name = "rectangle_decomposition_nostd_before"
version = "0.1.0"
